
Microsoft Visual Studio Solution File, Format Version 12.00
# Visual Studio 15
VisualStudioVersion = 15.0.28307.106
MinimumVisualStudioVersion = 10.0.40219.1
Project("{9A19103F-16F7-4668-BE54-9A1E7A4F7556}") = "EA.Festival.ApplicationCore", "EA.Festival.ApplicationCore\EA.Festival.ApplicationCore.csproj", "{21C0D409-DCAD-47E2-B266-7D7B690D1A49}"
EndProject
Project("{2150E333-8FDC-42A3-9474-1A3956D46DE8}") = "Application", "Application", "{989B3F80-A088-4FC9-802A-6C9A060D3451}"
EndProject
Project("{2150E333-8FDC-42A3-9474-1A3956D46DE8}") = "Presentation", "Presentation", "{96FD653E-ABA8-4BAF-BC61-1D729E242F18}"
EndProject
Project("{2150E333-8FDC-42A3-9474-1A3956D46DE8}") = "Infrastructure", "Infrastructure", "{FC2D1A5C-A014-4EB5-B038-8BF26AE8BE14}"
EndProject
Project("{FAE04EC0-301F-11D3-BF4B-00C04F79EFBC}") = "EA.Festival.Domain", "EA.Festival.Domain\EA.Festival.Domain.csproj", "{BB678C93-6CD5-41DF-8287-B254F6A5E801}"
EndProject
Project("{FAE04EC0-301F-11D3-BF4B-00C04F79EFBC}") = "EA.Festival.Infra.Data", "EA.Festival.Infra.Data\EA.Festival.Infra.Data.csproj", "{B88640A5-32A6-4C52-8E04-75B7E2F930C6}"
EndProject
Project("{FAE04EC0-301F-11D3-BF4B-00C04F79EFBC}") = "EA.Festival.Web", "EA.Festival.Web\EA.Festival.Web.csproj", "{132338EC-A36A-40EA-832A-8359286AC01A}"
EndProject
Global
	GlobalSection(SolutionConfigurationPlatforms) = preSolution
		Debug|Any CPU = Debug|Any CPU
		Release|Any CPU = Release|Any CPU
	EndGlobalSection
	GlobalSection(ProjectConfigurationPlatforms) = postSolution
		{21C0D409-DCAD-47E2-B266-7D7B690D1A49}.Debug|Any CPU.ActiveCfg = Debug|Any CPU
		{21C0D409-DCAD-47E2-B266-7D7B690D1A49}.Debug|Any CPU.Build.0 = Debug|Any CPU
		{21C0D409-DCAD-47E2-B266-7D7B690D1A49}.Release|Any CPU.ActiveCfg = Release|Any CPU
		{21C0D409-DCAD-47E2-B266-7D7B690D1A49}.Release|Any CPU.Build.0 = Release|Any CPU
		{BB678C93-6CD5-41DF-8287-B254F6A5E801}.Debug|Any CPU.ActiveCfg = Debug|Any CPU
		{BB678C93-6CD5-41DF-8287-B254F6A5E801}.Debug|Any CPU.Build.0 = Debug|Any CPU
		{BB678C93-6CD5-41DF-8287-B254F6A5E801}.Release|Any CPU.ActiveCfg = Release|Any CPU
		{BB678C93-6CD5-41DF-8287-B254F6A5E801}.Release|Any CPU.Build.0 = Release|Any CPU
		{B88640A5-32A6-4C52-8E04-75B7E2F930C6}.Debug|Any CPU.ActiveCfg = Debug|Any CPU
		{B88640A5-32A6-4C52-8E04-75B7E2F930C6}.Debug|Any CPU.Build.0 = Debug|Any CPU
		{B88640A5-32A6-4C52-8E04-75B7E2F930C6}.Release|Any CPU.ActiveCfg = Release|Any CPU
		{B88640A5-32A6-4C52-8E04-75B7E2F930C6}.Release|Any CPU.Build.0 = Release|Any CPU
		{132338EC-A36A-40EA-832A-8359286AC01A}.Debug|Any CPU.ActiveCfg = Debug|Any CPU
		{132338EC-A36A-40EA-832A-8359286AC01A}.Debug|Any CPU.Build.0 = Debug|Any CPU
		{132338EC-A36A-40EA-832A-8359286AC01A}.Release|Any CPU.ActiveCfg = Release|Any CPU
		{132338EC-A36A-40EA-832A-8359286AC01A}.Release|Any CPU.Build.0 = Release|Any CPU
	EndGlobalSection
	GlobalSection(SolutionProperties) = preSolution
		HideSolutionNode = FALSE
	EndGlobalSection
	GlobalSection(NestedProjects) = preSolution
		{21C0D409-DCAD-47E2-B266-7D7B690D1A49} = {989B3F80-A088-4FC9-802A-6C9A060D3451}
		{BB678C93-6CD5-41DF-8287-B254F6A5E801} = {989B3F80-A088-4FC9-802A-6C9A060D3451}
		{B88640A5-32A6-4C52-8E04-75B7E2F930C6} = {FC2D1A5C-A014-4EB5-B038-8BF26AE8BE14}
		{132338EC-A36A-40EA-832A-8359286AC01A} = {96FD653E-ABA8-4BAF-BC61-1D729E242F18}
	EndGlobalSection
	GlobalSection(ExtensibilityGlobals) = postSolution
		SolutionGuid = {166DD66C-2CFA-4766-9D1A-5ABFA910EF03}
	EndGlobalSection
EndGlobal
